
Microsoft Visual Studio Solution File, Format Version 12.00
# Visual Studio Version 17
VisualStudioVersion = 17.4.33213.308
MinimumVisualStudioVersion = 10.0.40219.1
Project("{FAE04EC0-301F-11D3-BF4B-00C04F79EFBC}") = "LanguageToolApp", "LanguageToolApp\LanguageToolApp.csproj", "{1FD6E6C8-63DA-46AC-BF6C-DA7441530A20}"
	ProjectSection(ProjectDependencies) = postProject
		{CFA1876A-1E0F-42B9-9EFF-1F0C2FB6214D} = {CFA1876A-1E0F-42B9-9EFF-1F0C2FB6214D}
	EndProjectSection
EndProject
Project("{FAE04EC0-301F-11D3-BF4B-00C04F79EFBC}") = "ApkPushTool", "ApkPushTool\ApkPushTool.csproj", "{3C27D66E-6CB5-43B5-8EA7-FAD23A7367F8}"
	ProjectSection(ProjectDependencies) = postProject
		{CFA1876A-1E0F-42B9-9EFF-1F0C2FB6214D} = {CFA1876A-1E0F-42B9-9EFF-1F0C2FB6214D}
	EndProjectSection
EndProject
Project("{FAE04EC0-301F-11D3-BF4B-00C04F79EFBC}") = "AutoDeploy", "AutoDeploy\AutoDeploy.csproj", "{CFA1876A-1E0F-42B9-9EFF-1F0C2FB6214D}"
EndProject
Global
	GlobalSection(SolutionConfigurationPlatforms) = preSolution
		Debug|Any CPU = Debug|Any CPU
		Release|Any CPU = Release|Any CPU
	EndGlobalSection
	GlobalSection(ProjectConfigurationPlatforms) = postSolution
		{1FD6E6C8-63DA-46AC-BF6C-DA7441530A20}.Debug|Any CPU.ActiveCfg = Debug|Any CPU
		{1FD6E6C8-63DA-46AC-BF6C-DA7441530A20}.Debug|Any CPU.Build.0 = Debug|Any CPU
		{1FD6E6C8-63DA-46AC-BF6C-DA7441530A20}.Release|Any CPU.ActiveCfg = Release|Any CPU
		{1FD6E6C8-63DA-46AC-BF6C-DA7441530A20}.Release|Any CPU.Build.0 = Release|Any CPU
		{3C27D66E-6CB5-43B5-8EA7-FAD23A7367F8}.Debug|Any CPU.ActiveCfg = Debug|Any CPU
		{3C27D66E-6CB5-43B5-8EA7-FAD23A7367F8}.Debug|Any CPU.Build.0 = Debug|Any CPU
		{3C27D66E-6CB5-43B5-8EA7-FAD23A7367F8}.Release|Any CPU.ActiveCfg = Release|Any CPU
		{3C27D66E-6CB5-43B5-8EA7-FAD23A7367F8}.Release|Any CPU.Build.0 = Release|Any CPU
		{CFA1876A-1E0F-42B9-9EFF-1F0C2FB6214D}.Debug|Any CPU.ActiveCfg = Debug|Any CPU
		{CFA1876A-1E0F-42B9-9EFF-1F0C2FB6214D}.Debug|Any CPU.Build.0 = Debug|Any CPU
		{CFA1876A-1E0F-42B9-9EFF-1F0C2FB6214D}.Release|Any CPU.ActiveCfg = Release|Any CPU
		{CFA1876A-1E0F-42B9-9EFF-1F0C2FB6214D}.Release|Any CPU.Build.0 = Release|Any CPU
	EndGlobalSection
	GlobalSection(SolutionProperties) = preSolution
		HideSolutionNode = FALSE
	EndGlobalSection
	GlobalSection(ExtensibilityGlobals) = postSolution
		SolutionGuid = {92F16917-E06D-4398-9167-A2A26678AA2B}
	EndGlobalSection
EndGlobal
